{
  "originHash" : "5dea4876aef34568355ecf6cf19a485f87cb54c4c3150bd32f00b6dbacea0c77",
  "pins" : [
    {
      "identity" : "capacitor-swift-pm",
      "kind" : "remoteSourceControl",
      "location" : "https://github.com/ionic-team/capacitor-swift-pm.git",
      "state" : {
        "revision" : "1af38be000bb5fcd1d8fec09694115cdcb179695",
        "version" : "8.3.3"
      }
    },
    {
      "identity" : "ion-ios-filesystem",
      "kind" : "remoteSourceControl",
      "location" : "https://github.com/ionic-team/ion-ios-filesystem.git",
      "state" : {
        "revision" : "0d81e26e828ff9582807e2339112cedf2e0fab85",
        "version" : "1.1.2"
      }
    }
  ],
  "version" : 3
}
